
Microsoft Visual Studio Solution File, Format Version 12.00
# Visual Studio 15
VisualStudioVersion = 15.0.26124.0
MinimumVisualStudioVersion = 15.0.26124.0
Project("{2150E333-8FDC-42A3-9474-1A3956D46DE8}") = "src", "src", "{4E37EABD-15D9-4248-9C64-0AF0E41842C0}"
EndProject
Project("{2150E333-8FDC-42A3-9474-1A3956D46DE8}") = "clients", "clients", "{969DF271-C6AE-4D9E-965B-38E1C919A66D}"
EndProject
Project("{9A19103F-16F7-4668-BE54-9A1E7A4F7556}") = "Lanre.Clients.Host", "src\clients\Lanre.Clients.Host\Lanre.Clients.Host.csproj", "{30D4EE22-6B43-45CE-81AE-E7BEFF989A91}"
EndProject
Project("{2150E333-8FDC-42A3-9474-1A3956D46DE8}") = "configuration", "configuration", "{F6BBB7C2-6A5A-4848-BD05-ABB14E3FAC43}"
	ProjectSection(SolutionItems) = preProject
		src\configuration\dependencies.props = src\configuration\dependencies.props
	EndProjectSection
EndProject
Project("{2150E333-8FDC-42A3-9474-1A3956D46DE8}") = "infrastructure", "infrastructure", "{AE3C6AEA-CF65-4038-B71C-4B359B239F44}"
EndProject
Project("{9A19103F-16F7-4668-BE54-9A1E7A4F7556}") = "Lanre.Infrastructure", "src\infrastructure\Lanre.Infrastructure\Lanre.Infrastructure.csproj", "{D8C7207D-0204-4B6F-A1CF-2ED1C21A744F}"
EndProject
Project("{9A19103F-16F7-4668-BE54-9A1E7A4F7556}") = "Lanre.Clients.Api", "src\clients\Lanre.Clients.Api\Lanre.Clients.Api.csproj", "{465E19CB-D1F6-4817-A40E-8F7AFF68F73C}"
EndProject
Project("{9A19103F-16F7-4668-BE54-9A1E7A4F7556}") = "Lanre.Infrastructure.Entities", "src\infrastructure\Lanre.Infrastructure.Entities\Lanre.Infrastructure.Entities.csproj", "{C501F4CE-8783-45D9-B8B8-1FADCAE4DB26}"
EndProject
Project("{2150E333-8FDC-42A3-9474-1A3956D46DE8}") = "Tests", "Tests", "{B5332D2C-3406-4DA0-9113-E2E4C9F1CE54}"
EndProject
Project("{9A19103F-16F7-4668-BE54-9A1E7A4F7556}") = "Lanre.Clients.Api.Tests", "src\tests\Lanre.Clients.Api.Tests\Lanre.Clients.Api.Tests.csproj", "{F726EFDA-E66A-4DC2-8CFE-E5AB66C48E5C}"
EndProject
Project("{2150E333-8FDC-42A3-9474-1A3956D46DE8}") = "data", "data", "{ED57E525-1CF6-4390-9031-EDE6897A8877}"
EndProject
Project("{FAE04EC0-301F-11D3-BF4B-00C04F79EFBC}") = "Lanre.Data.Context", "src\data\Lanre.Data.Context\Lanre.Data.Context.csproj", "{F94FB3A5-A368-4E23-8668-48E20BE0A51F}"
EndProject
Global
	GlobalSection(SolutionConfigurationPlatforms) = preSolution
		Debug|Any CPU = Debug|Any CPU
		Debug|x64 = Debug|x64
		Debug|x86 = Debug|x86
		Release|Any CPU = Release|Any CPU
		Release|x64 = Release|x64
		Release|x86 = Release|x86
	EndGlobalSection
	GlobalSection(ProjectConfigurationPlatforms) = postSolution
		{30D4EE22-6B43-45CE-81AE-E7BEFF989A91}.Debug|Any CPU.ActiveCfg = Debug|Any CPU
		{30D4EE22-6B43-45CE-81AE-E7BEFF989A91}.Debug|Any CPU.Build.0 = Debug|Any CPU
		{30D4EE22-6B43-45CE-81AE-E7BEFF989A91}.Debug|x64.ActiveCfg = Debug|Any CPU
		{30D4EE22-6B43-45CE-81AE-E7BEFF989A91}.Debug|x64.Build.0 = Debug|Any CPU
		{30D4EE22-6B43-45CE-81AE-E7BEFF989A91}.Debug|x86.ActiveCfg = Debug|Any CPU
		{30D4EE22-6B43-45CE-81AE-E7BEFF989A91}.Debug|x86.Build.0 = Debug|Any CPU
		{30D4EE22-6B43-45CE-81AE-E7BEFF989A91}.Release|Any CPU.ActiveCfg = Release|Any CPU
		{30D4EE22-6B43-45CE-81AE-E7BEFF989A91}.Release|Any CPU.Build.0 = Release|Any CPU
		{30D4EE22-6B43-45CE-81AE-E7BEFF989A91}.Release|x64.ActiveCfg = Release|Any CPU
		{30D4EE22-6B43-45CE-81AE-E7BEFF989A91}.Release|x64.Build.0 = Release|Any CPU
		{30D4EE22-6B43-45CE-81AE-E7BEFF989A91}.Release|x86.ActiveCfg = Release|Any CPU
		{30D4EE22-6B43-45CE-81AE-E7BEFF989A91}.Release|x86.Build.0 = Release|Any CPU
		{D8C7207D-0204-4B6F-A1CF-2ED1C21A744F}.Debug|Any CPU.ActiveCfg = Debug|Any CPU
		{D8C7207D-0204-4B6F-A1CF-2ED1C21A744F}.Debug|Any CPU.Build.0 = Debug|Any CPU
		{D8C7207D-0204-4B6F-A1CF-2ED1C21A744F}.Debug|x64.ActiveCfg = Debug|Any CPU
		{D8C7207D-0204-4B6F-A1CF-2ED1C21A744F}.Debug|x64.Build.0 = Debug|Any CPU
		{D8C7207D-0204-4B6F-A1CF-2ED1C21A744F}.Debug|x86.ActiveCfg = Debug|Any CPU
		{D8C7207D-0204-4B6F-A1CF-2ED1C21A744F}.Debug|x86.Build.0 = Debug|Any CPU
		{D8C7207D-0204-4B6F-A1CF-2ED1C21A744F}.Release|Any CPU.ActiveCfg = Release|Any CPU
		{D8C7207D-0204-4B6F-A1CF-2ED1C21A744F}.Release|Any CPU.Build.0 = Release|Any CPU
		{D8C7207D-0204-4B6F-A1CF-2ED1C21A744F}.Release|x64.ActiveCfg = Release|Any CPU
		{D8C7207D-0204-4B6F-A1CF-2ED1C21A744F}.Release|x64.Build.0 = Release|Any CPU
		{D8C7207D-0204-4B6F-A1CF-2ED1C21A744F}.Release|x86.ActiveCfg = Release|Any CPU
		{D8C7207D-0204-4B6F-A1CF-2ED1C21A744F}.Release|x86.Build.0 = Release|Any CPU
		{465E19CB-D1F6-4817-A40E-8F7AFF68F73C}.Debug|Any CPU.ActiveCfg = Debug|Any CPU
		{465E19CB-D1F6-4817-A40E-8F7AFF68F73C}.Debug|Any CPU.Build.0 = Debug|Any CPU
		{465E19CB-D1F6-4817-A40E-8F7AFF68F73C}.Debug|x64.ActiveCfg = Debug|Any CPU
		{465E19CB-D1F6-4817-A40E-8F7AFF68F73C}.Debug|x64.Build.0 = Debug|Any CPU
		{465E19CB-D1F6-4817-A40E-8F7AFF68F73C}.Debug|x86.ActiveCfg = Debug|Any CPU
		{465E19CB-D1F6-4817-A40E-8F7AFF68F73C}.Debug|x86.Build.0 = Debug|Any CPU
		{465E19CB-D1F6-4817-A40E-8F7AFF68F73C}.Release|Any CPU.ActiveCfg = Release|Any CPU
		{465E19CB-D1F6-4817-A40E-8F7AFF68F73C}.Release|Any CPU.Build.0 = Release|Any CPU
		{465E19CB-D1F6-4817-A40E-8F7AFF68F73C}.Release|x64.ActiveCfg = Release|Any CPU
		{465E19CB-D1F6-4817-A40E-8F7AFF68F73C}.Release|x64.Build.0 = Release|Any CPU
		{465E19CB-D1F6-4817-A40E-8F7AFF68F73C}.Release|x86.ActiveCfg = Release|Any CPU
		{465E19CB-D1F6-4817-A40E-8F7AFF68F73C}.Release|x86.Build.0 = Release|Any CPU
		{C501F4CE-8783-45D9-B8B8-1FADCAE4DB26}.Debug|Any CPU.ActiveCfg = Debug|Any CPU
		{C501F4CE-8783-45D9-B8B8-1FADCAE4DB26}.Debug|Any CPU.Build.0 = Debug|Any CPU
		{C501F4CE-8783-45D9-B8B8-1FADCAE4DB26}.Debug|x64.ActiveCfg = Debug|Any CPU
		{C501F4CE-8783-45D9-B8B8-1FADCAE4DB26}.Debug|x64.Build.0 = Debug|Any CPU
		{C501F4CE-8783-45D9-B8B8-1FADCAE4DB26}.Debug|x86.ActiveCfg = Debug|Any CPU
		{C501F4CE-8783-45D9-B8B8-1FADCAE4DB26}.Debug|x86.Build.0 = Debug|Any CPU
		{C501F4CE-8783-45D9-B8B8-1FADCAE4DB26}.Release|Any CPU.ActiveCfg = Release|Any CPU
		{C501F4CE-8783-45D9-B8B8-1FADCAE4DB26}.Release|Any CPU.Build.0 = Release|Any CPU
		{C501F4CE-8783-45D9-B8B8-1FADCAE4DB26}.Release|x64.ActiveCfg = Release|Any CPU
		{C501F4CE-8783-45D9-B8B8-1FADCAE4DB26}.Release|x64.Build.0 = Release|Any CPU
		{C501F4CE-8783-45D9-B8B8-1FADCAE4DB26}.Release|x86.ActiveCfg = Release|Any CPU
		{C501F4CE-8783-45D9-B8B8-1FADCAE4DB26}.Release|x86.Build.0 = Release|Any CPU
		{F726EFDA-E66A-4DC2-8CFE-E5AB66C48E5C}.Debug|Any CPU.ActiveCfg = Debug|Any CPU
		{F726EFDA-E66A-4DC2-8CFE-E5AB66C48E5C}.Debug|Any CPU.Build.0 = Debug|Any CPU
		{F726EFDA-E66A-4DC2-8CFE-E5AB66C48E5C}.Debug|x64.ActiveCfg = Debug|Any CPU
		{F726EFDA-E66A-4DC2-8CFE-E5AB66C48E5C}.Debug|x64.Build.0 = Debug|Any CPU
		{F726EFDA-E66A-4DC2-8CFE-E5AB66C48E5C}.Debug|x86.ActiveCfg = Debug|Any CPU
		{F726EFDA-E66A-4DC2-8CFE-E5AB66C48E5C}.Debug|x86.Build.0 = Debug|Any CPU
		{F726EFDA-E66A-4DC2-8CFE-E5AB66C48E5C}.Release|Any CPU.ActiveCfg = Release|Any CPU
		{F726EFDA-E66A-4DC2-8CFE-E5AB66C48E5C}.Release|Any CPU.Build.0 = Release|Any CPU
		{F726EFDA-E66A-4DC2-8CFE-E5AB66C48E5C}.Release|x64.ActiveCfg = Release|Any CPU
		{F726EFDA-E66A-4DC2-8CFE-E5AB66C48E5C}.Release|x64.Build.0 = Release|Any CPU
		{F726EFDA-E66A-4DC2-8CFE-E5AB66C48E5C}.Release|x86.ActiveCfg = Release|Any CPU
		{F726EFDA-E66A-4DC2-8CFE-E5AB66C48E5C}.Release|x86.Build.0 = Release|Any CPU
		{F94FB3A5-A368-4E23-8668-48E20BE0A51F}.Debug|Any CPU.ActiveCfg = Debug|Any CPU
		{F94FB3A5-A368-4E23-8668-48E20BE0A51F}.Debug|Any CPU.Build.0 = Debug|Any CPU
		{F94FB3A5-A368-4E23-8668-48E20BE0A51F}.Debug|x64.ActiveCfg = Debug|Any CPU
		{F94FB3A5-A368-4E23-8668-48E20BE0A51F}.Debug|x64.Build.0 = Debug|Any CPU
		{F94FB3A5-A368-4E23-8668-48E20BE0A51F}.Debug|x86.ActiveCfg = Debug|Any CPU
		{F94FB3A5-A368-4E23-8668-48E20BE0A51F}.Debug|x86.Build.0 = Debug|Any CPU
		{F94FB3A5-A368-4E23-8668-48E20BE0A51F}.Release|Any CPU.ActiveCfg = Release|Any CPU
		{F94FB3A5-A368-4E23-8668-48E20BE0A51F}.Release|Any CPU.Build.0 = Release|Any CPU
		{F94FB3A5-A368-4E23-8668-48E20BE0A51F}.Release|x64.ActiveCfg = Release|Any CPU
		{F94FB3A5-A368-4E23-8668-48E20BE0A51F}.Release|x64.Build.0 = Release|Any CPU
		{F94FB3A5-A368-4E23-8668-48E20BE0A51F}.Release|x86.ActiveCfg = Release|Any CPU
		{F94FB3A5-A368-4E23-8668-48E20BE0A51F}.Release|x86.Build.0 = Release|Any CPU
	EndGlobalSection
	GlobalSection(SolutionProperties) = preSolution
		HideSolutionNode = FALSE
	EndGlobalSection
	GlobalSection(NestedProjects) = preSolution
		{969DF271-C6AE-4D9E-965B-38E1C919A66D} = {4E37EABD-15D9-4248-9C64-0AF0E41842C0}
		{30D4EE22-6B43-45CE-81AE-E7BEFF989A91} = {969DF271-C6AE-4D9E-965B-38E1C919A66D}
		{F6BBB7C2-6A5A-4848-BD05-ABB14E3FAC43} = {4E37EABD-15D9-4248-9C64-0AF0E41842C0}
		{AE3C6AEA-CF65-4038-B71C-4B359B239F44} = {4E37EABD-15D9-4248-9C64-0AF0E41842C0}
		{D8C7207D-0204-4B6F-A1CF-2ED1C21A744F} = {AE3C6AEA-CF65-4038-B71C-4B359B239F44}
		{465E19CB-D1F6-4817-A40E-8F7AFF68F73C} = {969DF271-C6AE-4D9E-965B-38E1C919A66D}
		{C501F4CE-8783-45D9-B8B8-1FADCAE4DB26} = {AE3C6AEA-CF65-4038-B71C-4B359B239F44}
		{B5332D2C-3406-4DA0-9113-E2E4C9F1CE54} = {4E37EABD-15D9-4248-9C64-0AF0E41842C0}
		{F726EFDA-E66A-4DC2-8CFE-E5AB66C48E5C} = {B5332D2C-3406-4DA0-9113-E2E4C9F1CE54}
		{ED57E525-1CF6-4390-9031-EDE6897A8877} = {4E37EABD-15D9-4248-9C64-0AF0E41842C0}
		{F94FB3A5-A368-4E23-8668-48E20BE0A51F} = {ED57E525-1CF6-4390-9031-EDE6897A8877}
	EndGlobalSection
	GlobalSection(ExtensibilityGlobals) = postSolution
		SolutionGuid = {EE687B5E-3AB5-4BC7-9ED4-2767C6D8C4B5}
	EndGlobalSection
EndGlobal
